
Microsoft Visual Studio Solution File, Format Version 12.00
# Visual Studio 15
VisualStudioVersion = 15.0.27130.2020
MinimumVisualStudioVersion = 10.0.40219.1
Project("{FAE04EC0-301F-11D3-BF4B-00C04F79EFBC}") = "Connection", "Connection\Connection.csproj", "{4E0C0EEA-7FBD-437B-B867-504E13D6AF55}"
EndProject
Project("{FAE04EC0-301F-11D3-BF4B-00C04F79EFBC}") = "Server", "Server\Server.csproj", "{C10663C6-E937-4F76-B548-671089B7A6CD}"
EndProject
Project("{FAE04EC0-301F-11D3-BF4B-00C04F79EFBC}") = "Client", "Client\Client.csproj", "{32EBAA0E-3EEF-42ED-BB2C-F61DD6E6FAB2}"
EndProject
Global
	GlobalSection(SolutionConfigurationPlatforms) = preSolution
		Debug|Any CPU = Debug|Any CPU
		Release|Any CPU = Release|Any CPU
	EndGlobalSection
	GlobalSection(ProjectConfigurationPlatforms) = postSolution
		{4E0C0EEA-7FBD-437B-B867-504E13D6AF55}.Debug|Any CPU.ActiveCfg = Debug|Any CPU
		{4E0C0EEA-7FBD-437B-B867-504E13D6AF55}.Debug|Any CPU.Build.0 = Debug|Any CPU
		{4E0C0EEA-7FBD-437B-B867-504E13D6AF55}.Release|Any CPU.ActiveCfg = Release|Any CPU
		{4E0C0EEA-7FBD-437B-B867-504E13D6AF55}.Release|Any CPU.Build.0 = Release|Any CPU
		{C10663C6-E937-4F76-B548-671089B7A6CD}.Debug|Any CPU.ActiveCfg = Debug|Any CPU
		{C10663C6-E937-4F76-B548-671089B7A6CD}.Debug|Any CPU.Build.0 = Debug|Any CPU
		{C10663C6-E937-4F76-B548-671089B7A6CD}.Release|Any CPU.ActiveCfg = Release|Any CPU
		{C10663C6-E937-4F76-B548-671089B7A6CD}.Release|Any CPU.Build.0 = Release|Any CPU
		{32EBAA0E-3EEF-42ED-BB2C-F61DD6E6FAB2}.Debug|Any CPU.ActiveCfg = Debug|Any CPU
		{32EBAA0E-3EEF-42ED-BB2C-F61DD6E6FAB2}.Debug|Any CPU.Build.0 = Debug|Any CPU
		{32EBAA0E-3EEF-42ED-BB2C-F61DD6E6FAB2}.Release|Any CPU.ActiveCfg = Release|Any CPU
		{32EBAA0E-3EEF-42ED-BB2C-F61DD6E6FAB2}.Release|Any CPU.Build.0 = Release|Any CPU
	EndGlobalSection
	GlobalSection(SolutionProperties) = preSolution
		HideSolutionNode = FALSE
	EndGlobalSection
	GlobalSection(ExtensibilityGlobals) = postSolution
		SolutionGuid = {09871517-C7BC-43DD-8D66-79325BE881AE}
	EndGlobalSection
EndGlobal
